
Microsoft Visual Studio Solution File, Format Version 12.00
# Visual Studio Version 17
VisualStudioVersion = 17.0.31903.59
MinimumVisualStudioVersion = 10.0.40219.1
Project("{2150E333-8FDC-42A3-9474-1A3956D46DE8}") = "Services", "Services", "{2306E4B5-30E6-4A8A-AC8E-35D1909A5C5F}"
EndProject
Project("{2150E333-8FDC-42A3-9474-1A3956D46DE8}") = "Catalog", "Catalog", "{F01733EC-BEAA-43D9-AC1C-89458D1B47AF}"
EndProject
Project("{2150E333-8FDC-42A3-9474-1A3956D46DE8}") = "BuildingBlocks", "BuildingBlocks", "{9FB55684-59D6-4AB3-9753-A58B9250F6F9}"
EndProject
Project("{2150E333-8FDC-42A3-9474-1A3956D46DE8}") = "Solution Items", "Solution Items", "{36F6C0A8-A986-4160-A507-B3D35F000F5B}"
	ProjectSection(SolutionItems) = preProject
		docker-compose.yaml = docker-compose.yaml
	EndProjectSection
EndProject
Project("{2150E333-8FDC-42A3-9474-1A3956D46DE8}") = "Basket", "Basket", "{E9A1780B-1F28-4CE6-A3B6-AC8B3EDB5606}"
EndProject
Project("{2150E333-8FDC-42A3-9474-1A3956D46DE8}") = "Discount", "Discount", "{93FFAE59-7398-417F-A3AB-83F22C2F2462}"
EndProject
Project("{2150E333-8FDC-42A3-9474-1A3956D46DE8}") = "Ordering", "Ordering", "{07E6F344-9C4E-41F1-84E0-D3B600ED95B2}"
EndProject
Project("{2150E333-8FDC-42A3-9474-1A3956D46DE8}") = "ApiGateways", "ApiGateways", "{3C910B49-FF1A-4532-BD38-55F67CD03299}"
EndProject
Project("{FAE04EC0-301F-11D3-BF4B-00C04F79EFBC}") = "BuildingBlocks", "BuildingBlocks\BuildingBlocks\BuildingBlocks.csproj", "{31ED7BFF-EEC1-42C6-95B8-F27E65000148}"
EndProject
Project("{FAE04EC0-301F-11D3-BF4B-00C04F79EFBC}") = "BuildingBlocks.RabbitMQ", "BuildingBlocks\BuildingBlocks.RabbitMQ\BuildingBlocks.RabbitMQ.csproj", "{D4FEC355-AB65-4532-85E7-357CBB184BD4}"
EndProject
Project("{FAE04EC0-301F-11D3-BF4B-00C04F79EFBC}") = "Basket.Api", "Basket\Basket.Api\Basket.Api.csproj", "{B2C1155B-890F-445B-AFC6-F36C2EB33856}"
EndProject
Project("{FAE04EC0-301F-11D3-BF4B-00C04F79EFBC}") = "Catalog.Api", "Catalog\Catalog.Api\Catalog.Api.csproj", "{AA6947D5-F4CA-4339-901A-1696D9445A98}"
EndProject
Project("{FAE04EC0-301F-11D3-BF4B-00C04F79EFBC}") = "Discount.Grpc", "Discount\Discount.Grpc\Discount.Grpc.csproj", "{E0B0A17C-1A95-417E-9EC8-49E072B0850D}"
EndProject
Project("{FAE04EC0-301F-11D3-BF4B-00C04F79EFBC}") = "Ordering.Api", "Ordering\Ordering.Api\Ordering.Api.csproj", "{92BFAA39-EB24-47DB-A32C-089CF6328648}"
EndProject
Project("{FAE04EC0-301F-11D3-BF4B-00C04F79EFBC}") = "Ordering.Application", "Ordering\Ordering.Application\Ordering.Application.csproj", "{0B0B3F77-AC2E-4578-9C70-C4B614CA5792}"
EndProject
Project("{FAE04EC0-301F-11D3-BF4B-00C04F79EFBC}") = "Ordering.Domain", "Ordering\Ordering.Domain\Ordering.Domain.csproj", "{A8ADFFBD-A54F-422D-91B1-0A09522DB628}"
EndProject
Project("{FAE04EC0-301F-11D3-BF4B-00C04F79EFBC}") = "Ordering.Infrastructure", "Ordering\Ordering.Infrastructure\Ordering.Infrastructure.csproj", "{3A44A47C-4FAB-4885-BA8C-53A8B7B40B47}"
EndProject
Project("{FAE04EC0-301F-11D3-BF4B-00C04F79EFBC}") = "YarpApiGateway", "ApiGateways\YarpApiGateway\YarpApiGateway.csproj", "{494FB47D-47FD-44A3-970E-405F7B6FCDE0}"
EndProject
Global
	GlobalSection(SolutionConfigurationPlatforms) = preSolution
		Debug|Any CPU = Debug|Any CPU
		Release|Any CPU = Release|Any CPU
	EndGlobalSection
	GlobalSection(SolutionProperties) = preSolution
		HideSolutionNode = FALSE
	EndGlobalSection
	GlobalSection(NestedProjects) = preSolution
		{F01733EC-BEAA-43D9-AC1C-89458D1B47AF} = {2306E4B5-30E6-4A8A-AC8E-35D1909A5C5F}
		{E9A1780B-1F28-4CE6-A3B6-AC8B3EDB5606} = {2306E4B5-30E6-4A8A-AC8E-35D1909A5C5F}
		{93FFAE59-7398-417F-A3AB-83F22C2F2462} = {2306E4B5-30E6-4A8A-AC8E-35D1909A5C5F}
		{07E6F344-9C4E-41F1-84E0-D3B600ED95B2} = {2306E4B5-30E6-4A8A-AC8E-35D1909A5C5F}
		{31ED7BFF-EEC1-42C6-95B8-F27E65000148} = {9FB55684-59D6-4AB3-9753-A58B9250F6F9}
		{D4FEC355-AB65-4532-85E7-357CBB184BD4} = {9FB55684-59D6-4AB3-9753-A58B9250F6F9}
		{B2C1155B-890F-445B-AFC6-F36C2EB33856} = {E9A1780B-1F28-4CE6-A3B6-AC8B3EDB5606}
		{AA6947D5-F4CA-4339-901A-1696D9445A98} = {F01733EC-BEAA-43D9-AC1C-89458D1B47AF}
		{E0B0A17C-1A95-417E-9EC8-49E072B0850D} = {93FFAE59-7398-417F-A3AB-83F22C2F2462}
		{92BFAA39-EB24-47DB-A32C-089CF6328648} = {07E6F344-9C4E-41F1-84E0-D3B600ED95B2}
		{0B0B3F77-AC2E-4578-9C70-C4B614CA5792} = {07E6F344-9C4E-41F1-84E0-D3B600ED95B2}
		{A8ADFFBD-A54F-422D-91B1-0A09522DB628} = {07E6F344-9C4E-41F1-84E0-D3B600ED95B2}
		{3A44A47C-4FAB-4885-BA8C-53A8B7B40B47} = {07E6F344-9C4E-41F1-84E0-D3B600ED95B2}
		{494FB47D-47FD-44A3-970E-405F7B6FCDE0} = {3C910B49-FF1A-4532-BD38-55F67CD03299}
	EndGlobalSection
	GlobalSection(ProjectConfigurationPlatforms) = postSolution
		{31ED7BFF-EEC1-42C6-95B8-F27E65000148}.Debug|Any CPU.ActiveCfg = Debug|Any CPU
		{31ED7BFF-EEC1-42C6-95B8-F27E65000148}.Debug|Any CPU.Build.0 = Debug|Any CPU
		{31ED7BFF-EEC1-42C6-95B8-F27E65000148}.Release|Any CPU.ActiveCfg = Release|Any CPU
		{31ED7BFF-EEC1-42C6-95B8-F27E65000148}.Release|Any CPU.Build.0 = Release|Any CPU
		{D4FEC355-AB65-4532-85E7-357CBB184BD4}.Debug|Any CPU.ActiveCfg = Debug|Any CPU
		{D4FEC355-AB65-4532-85E7-357CBB184BD4}.Debug|Any CPU.Build.0 = Debug|Any CPU
		{D4FEC355-AB65-4532-85E7-357CBB184BD4}.Release|Any CPU.ActiveCfg = Release|Any CPU
		{D4FEC355-AB65-4532-85E7-357CBB184BD4}.Release|Any CPU.Build.0 = Release|Any CPU
		{B2C1155B-890F-445B-AFC6-F36C2EB33856}.Debug|Any CPU.ActiveCfg = Debug|Any CPU
		{B2C1155B-890F-445B-AFC6-F36C2EB33856}.Debug|Any CPU.Build.0 = Debug|Any CPU
		{B2C1155B-890F-445B-AFC6-F36C2EB33856}.Release|Any CPU.ActiveCfg = Release|Any CPU
		{B2C1155B-890F-445B-AFC6-F36C2EB33856}.Release|Any CPU.Build.0 = Release|Any CPU
		{AA6947D5-F4CA-4339-901A-1696D9445A98}.Debug|Any CPU.ActiveCfg = Debug|Any CPU
		{AA6947D5-F4CA-4339-901A-1696D9445A98}.Debug|Any CPU.Build.0 = Debug|Any CPU
		{AA6947D5-F4CA-4339-901A-1696D9445A98}.Release|Any CPU.ActiveCfg = Release|Any CPU
		{AA6947D5-F4CA-4339-901A-1696D9445A98}.Release|Any CPU.Build.0 = Release|Any CPU
		{E0B0A17C-1A95-417E-9EC8-49E072B0850D}.Debug|Any CPU.ActiveCfg = Debug|Any CPU
		{E0B0A17C-1A95-417E-9EC8-49E072B0850D}.Debug|Any CPU.Build.0 = Debug|Any CPU
		{E0B0A17C-1A95-417E-9EC8-49E072B0850D}.Release|Any CPU.ActiveCfg = Release|Any CPU
		{E0B0A17C-1A95-417E-9EC8-49E072B0850D}.Release|Any CPU.Build.0 = Release|Any CPU
		{92BFAA39-EB24-47DB-A32C-089CF6328648}.Debug|Any CPU.ActiveCfg = Debug|Any CPU
		{92BFAA39-EB24-47DB-A32C-089CF6328648}.Debug|Any CPU.Build.0 = Debug|Any CPU
		{92BFAA39-EB24-47DB-A32C-089CF6328648}.Release|Any CPU.ActiveCfg = Release|Any CPU
		{92BFAA39-EB24-47DB-A32C-089CF6328648}.Release|Any CPU.Build.0 = Release|Any CPU
		{0B0B3F77-AC2E-4578-9C70-C4B614CA5792}.Debug|Any CPU.ActiveCfg = Debug|Any CPU
		{0B0B3F77-AC2E-4578-9C70-C4B614CA5792}.Debug|Any CPU.Build.0 = Debug|Any CPU
		{0B0B3F77-AC2E-4578-9C70-C4B614CA5792}.Release|Any CPU.ActiveCfg = Release|Any CPU
		{0B0B3F77-AC2E-4578-9C70-C4B614CA5792}.Release|Any CPU.Build.0 = Release|Any CPU
		{A8ADFFBD-A54F-422D-91B1-0A09522DB628}.Debug|Any CPU.ActiveCfg = Debug|Any CPU
		{A8ADFFBD-A54F-422D-91B1-0A09522DB628}.Debug|Any CPU.Build.0 = Debug|Any CPU
		{A8ADFFBD-A54F-422D-91B1-0A09522DB628}.Release|Any CPU.ActiveCfg = Release|Any CPU
		{A8ADFFBD-A54F-422D-91B1-0A09522DB628}.Release|Any CPU.Build.0 = Release|Any CPU
		{3A44A47C-4FAB-4885-BA8C-53A8B7B40B47}.Debug|Any CPU.ActiveCfg = Debug|Any CPU
		{3A44A47C-4FAB-4885-BA8C-53A8B7B40B47}.Debug|Any CPU.Build.0 = Debug|Any CPU
		{3A44A47C-4FAB-4885-BA8C-53A8B7B40B47}.Release|Any CPU.ActiveCfg = Release|Any CPU
		{3A44A47C-4FAB-4885-BA8C-53A8B7B40B47}.Release|Any CPU.Build.0 = Release|Any CPU
		{494FB47D-47FD-44A3-970E-405F7B6FCDE0}.Debug|Any CPU.ActiveCfg = Debug|Any CPU
		{494FB47D-47FD-44A3-970E-405F7B6FCDE0}.Debug|Any CPU.Build.0 = Debug|Any CPU
		{494FB47D-47FD-44A3-970E-405F7B6FCDE0}.Release|Any CPU.ActiveCfg = Release|Any CPU
		{494FB47D-47FD-44A3-970E-405F7B6FCDE0}.Release|Any CPU.Build.0 = Release|Any CPU
	EndGlobalSection
EndGlobal
